
Microsoft Visual Studio Solution File, Format Version 12.00
# Visual Studio 15
VisualStudioVersion = 15.0.28307.757
MinimumVisualStudioVersion = 10.0.40219.1
Project("{FAE04EC0-301F-11D3-BF4B-00C04F79EFBC}") = "Enums", "Enums.csproj", "{602F9025-4425-44E0-98C0-BC660A293664}"
EndProject
Global
	GlobalSection(SolutionConfigurationPlatforms) = preSolution
		Debug|Any CPU = Debug|Any CPU
		Release|Any CPU = Release|Any CPU
	EndGlobalSection
	GlobalSection(ProjectConfigurationPlatforms) = postSolution
		{602F9025-4425-44E0-98C0-BC660A293664}.Debug|Any CPU.ActiveCfg = Debug|Any CPU
		{602F9025-4425-44E0-98C0-BC660A293664}.Debug|Any CPU.Build.0 = Debug|Any CPU
		{602F9025-4425-44E0-98C0-BC660A293664}.Release|Any CPU.ActiveCfg = Release|Any CPU
		{602F9025-4425-44E0-98C0-BC660A293664}.Release|Any CPU.Build.0 = Release|Any CPU
	EndGlobalSection
	GlobalSection(SolutionProperties) = preSolution
		HideSolutionNode = FALSE
	EndGlobalSection
	GlobalSection(ExtensibilityGlobals) = postSolution
		SolutionGuid = {E085427F-BE76-43FF-8384-8A97D29DA66B}
	EndGlobalSection
EndGlobal
